
Microsoft Visual Studio Solution File, Format Version 12.00
# Visual Studio Version 16
VisualStudioVersion = 16.0.29230.47
MinimumVisualStudioVersion = 10.0.40219.1
Project("{FAE04EC0-301F-11D3-BF4B-00C04F79EFBC}") = "TyperPad", "TyperPad\TyperPad.csproj", "{D11F1FA6-5143-4AAE-86CB-E51D19C10869}"
EndProject
Project("{9A19103F-16F7-4668-BE54-9A1E7A4F7556}") = "TyperPad.Common", "TyperPad.Common\TyperPad.Common.csproj", "{AAD4C321-3204-4708-96DD-78DA263BEC7E}"
EndProject
Project("{9A19103F-16F7-4668-BE54-9A1E7A4F7556}") = "TyperPad.Core", "TyperPad.Core\TyperPad.Core.csproj", "{4FB3E806-8CC9-40AA-8B0D-CF6045DBFF7D}"
EndProject
Project("{FAE04EC0-301F-11D3-BF4B-00C04F79EFBC}") = "TyperPad.Fake", "TyperPad.Fake\TyperPad.Fake.csproj", "{0002584B-D4F5-405A-881B-99F099A653AD}"
EndProject
Global
	GlobalSection(SolutionConfigurationPlatforms) = preSolution
		Debug|Any CPU = Debug|Any CPU
		Release|Any CPU = Release|Any CPU
	EndGlobalSection
	GlobalSection(ProjectConfigurationPlatforms) = postSolution
		{D11F1FA6-5143-4AAE-86CB-E51D19C10869}.Debug|Any CPU.ActiveCfg = Debug|Any CPU
		{D11F1FA6-5143-4AAE-86CB-E51D19C10869}.Debug|Any CPU.Build.0 = Debug|Any CPU
		{D11F1FA6-5143-4AAE-86CB-E51D19C10869}.Release|Any CPU.ActiveCfg = Release|Any CPU
		{D11F1FA6-5143-4AAE-86CB-E51D19C10869}.Release|Any CPU.Build.0 = Release|Any CPU
		{AAD4C321-3204-4708-96DD-78DA263BEC7E}.Debug|Any CPU.ActiveCfg = Debug|Any CPU
		{AAD4C321-3204-4708-96DD-78DA263BEC7E}.Debug|Any CPU.Build.0 = Debug|Any CPU
		{AAD4C321-3204-4708-96DD-78DA263BEC7E}.Release|Any CPU.ActiveCfg = Release|Any CPU
		{AAD4C321-3204-4708-96DD-78DA263BEC7E}.Release|Any CPU.Build.0 = Release|Any CPU
		{4FB3E806-8CC9-40AA-8B0D-CF6045DBFF7D}.Debug|Any CPU.ActiveCfg = Debug|Any CPU
		{4FB3E806-8CC9-40AA-8B0D-CF6045DBFF7D}.Debug|Any CPU.Build.0 = Debug|Any CPU
		{4FB3E806-8CC9-40AA-8B0D-CF6045DBFF7D}.Release|Any CPU.ActiveCfg = Release|Any CPU
		{4FB3E806-8CC9-40AA-8B0D-CF6045DBFF7D}.Release|Any CPU.Build.0 = Release|Any CPU
		{0002584B-D4F5-405A-881B-99F099A653AD}.Debug|Any CPU.ActiveCfg = Debug|Any CPU
		{0002584B-D4F5-405A-881B-99F099A653AD}.Debug|Any CPU.Build.0 = Debug|Any CPU
		{0002584B-D4F5-405A-881B-99F099A653AD}.Release|Any CPU.ActiveCfg = Release|Any CPU
		{0002584B-D4F5-405A-881B-99F099A653AD}.Release|Any CPU.Build.0 = Release|Any CPU
	EndGlobalSection
	GlobalSection(SolutionProperties) = preSolution
		HideSolutionNode = FALSE
	EndGlobalSection
	GlobalSection(ExtensibilityGlobals) = postSolution
		SolutionGuid = {68A90B43-5C9A-42E1-9F9B-D723351D8DD3}
	EndGlobalSection
EndGlobal
