
Microsoft Visual Studio Solution File, Format Version 12.00
# Visual Studio Version 17
VisualStudioVersion = 17.1.32113.165
MinimumVisualStudioVersion = 10.0.40219.1
Project("{FAE04EC0-301F-11D3-BF4B-00C04F79EFBC}") = "TyperPad", "TyperPad\TyperPad.csproj", "{3FA3DECD-5E7C-4422-81E6-BDC77F704E04}"
EndProject
Project("{FAE04EC0-301F-11D3-BF4B-00C04F79EFBC}") = "TyperPadView", "TyperPadView\TyperPadView.csproj", "{69502DB3-1C55-45EE-A311-D115B50F89E5}"
EndProject
Global
	GlobalSection(SolutionConfigurationPlatforms) = preSolution
		Debug|Any CPU = Debug|Any CPU
		Release|Any CPU = Release|Any CPU
	EndGlobalSection
	GlobalSection(ProjectConfigurationPlatforms) = postSolution
		{3FA3DECD-5E7C-4422-81E6-BDC77F704E04}.Debug|Any CPU.ActiveCfg = Debug|Any CPU
		{3FA3DECD-5E7C-4422-81E6-BDC77F704E04}.Debug|Any CPU.Build.0 = Debug|Any CPU
		{3FA3DECD-5E7C-4422-81E6-BDC77F704E04}.Release|Any CPU.ActiveCfg = Release|Any CPU
		{3FA3DECD-5E7C-4422-81E6-BDC77F704E04}.Release|Any CPU.Build.0 = Release|Any CPU
		{69502DB3-1C55-45EE-A311-D115B50F89E5}.Debug|Any CPU.ActiveCfg = Debug|Any CPU
		{69502DB3-1C55-45EE-A311-D115B50F89E5}.Debug|Any CPU.Build.0 = Debug|Any CPU
		{69502DB3-1C55-45EE-A311-D115B50F89E5}.Release|Any CPU.ActiveCfg = Release|Any CPU
		{69502DB3-1C55-45EE-A311-D115B50F89E5}.Release|Any CPU.Build.0 = Release|Any CPU
	EndGlobalSection
	GlobalSection(SolutionProperties) = preSolution
		HideSolutionNode = FALSE
	EndGlobalSection
	GlobalSection(ExtensibilityGlobals) = postSolution
		SolutionGuid = {0F62A9D8-AD34-4C0B-B99C-A86D9B278664}
	EndGlobalSection
EndGlobal
